
Microsoft Visual Studio Solution File, Format Version 12.00
# Visual Studio Version 17
VisualStudioVersion = 17.9.34728.123
MinimumVisualStudioVersion = 10.0.40219.1
Project("{FAE04EC0-301F-11D3-BF4B-00C04F79EFBC}") = "SOA_BT1", "SOA_BT1\SOA_BT1.csproj", "{C977F917-0A07-4082-B200-733BDD1D45D5}"
EndProject
Global
	GlobalSection(SolutionConfigurationPlatforms) = preSolution
		Debug|Any CPU = Debug|Any CPU
		Release|Any CPU = Release|Any CPU
	EndGlobalSection
	GlobalSection(ProjectConfigurationPlatforms) = postSolution
		{C977F917-0A07-4082-B200-733BDD1D45D5}.Debug|Any CPU.ActiveCfg = Debug|Any CPU
		{C977F917-0A07-4082-B200-733BDD1D45D5}.Debug|Any CPU.Build.0 = Debug|Any CPU
		{C977F917-0A07-4082-B200-733BDD1D45D5}.Release|Any CPU.ActiveCfg = Release|Any CPU
		{C977F917-0A07-4082-B200-733BDD1D45D5}.Release|Any CPU.Build.0 = Release|Any CPU
	EndGlobalSection
	GlobalSection(SolutionProperties) = preSolution
		HideSolutionNode = FALSE
	EndGlobalSection
	GlobalSection(ExtensibilityGlobals) = postSolution
		SolutionGuid = {DCE9C5BD-1771-4712-B70D-2EFB759D85C5}
	EndGlobalSection
EndGlobal
