
Microsoft Visual Studio Solution File, Format Version 12.00
# Visual Studio Version 17
VisualStudioVersion = 17.9.34728.123
MinimumVisualStudioVersion = 10.0.40219.1
Project("{FAE04EC0-301F-11D3-BF4B-00C04F79EFBC}") = "Client-SOA-BN", "Client-SOA-BN\Client-SOA-BN.csproj", "{C690B73F-E74E-4B32-84AE-525D2453156D}"
EndProject
Global
	GlobalSection(SolutionConfigurationPlatforms) = preSolution
		Debug|Any CPU = Debug|Any CPU
		Release|Any CPU = Release|Any CPU
	EndGlobalSection
	GlobalSection(ProjectConfigurationPlatforms) = postSolution
		{C690B73F-E74E-4B32-84AE-525D2453156D}.Debug|Any CPU.ActiveCfg = Debug|Any CPU
		{C690B73F-E74E-4B32-84AE-525D2453156D}.Debug|Any CPU.Build.0 = Debug|Any CPU
		{C690B73F-E74E-4B32-84AE-525D2453156D}.Release|Any CPU.ActiveCfg = Release|Any CPU
		{C690B73F-E74E-4B32-84AE-525D2453156D}.Release|Any CPU.Build.0 = Release|Any CPU
	EndGlobalSection
	GlobalSection(SolutionProperties) = preSolution
		HideSolutionNode = FALSE
	EndGlobalSection
	GlobalSection(ExtensibilityGlobals) = postSolution
		SolutionGuid = {CEC474D6-F9DA-4516-B733-C53F6587836D}
	EndGlobalSection
EndGlobal
